{
  "name": "@redis/gears-functions-loader",
  "version": "1.0.0",
  "lockfileVersion": 2,
  "requires": true,
  "packages": {
    "": {
      "name": "@redis/gears-functions-loader",
      "version": "1.0.0",
      "license": "ISC",
      "dependencies": {
        "@redis/client": "1.2.0",
        "commander": "9.4.0",
        "rollup": "2.77.1",
        "rollup-plugin-preserve-shebangs": "0.2.0"
      },
      "bin": {
        "gears-functions-loader": "index.js"
      }
    },
    "node_modules/@redis/client": {
      "version": "1.2.0",
      "resolved": "https://registry.npmjs.org/@redis/client/-/client-1.2.0.tgz",
      "integrity": "sha512-a8Nlw5fv2EIAFJxTDSSDVUT7yfBGpZO96ybZXzQpgkyLg/dxtQ1uiwTc0EGfzg1mrPjZokeBSEGTbGXekqTNOg==",
      "dependencies": {
        "cluster-key-slot": "1.1.0",
        "generic-pool": "3.8.2",
        "yallist": "4.0.0"
      },
      "engines": {
        "node": ">=14"
      }
    },
    "node_modules/cluster-key-slot": {
      "version": "1.1.0",
      "resolved": "https://registry.npmjs.org/cluster-key-slot/-/cluster-key-slot-1.1.0.tgz",
      "integrity": "sha512-2Nii8p3RwAPiFwsnZvukotvow2rIHM+yQ6ZcBXGHdniadkYGZYiGmkHJIbZPIV9nfv7m/U1IPMVVcAhoWFeklw==",
      "engines": {
        "node": ">=0.10.0"
      }
    },
    "node_modules/commander": {
      "version": "9.4.0",
      "resolved": "https://registry.npmjs.org/commander/-/commander-9.4.0.tgz",
      "integrity": "sha512-sRPT+umqkz90UA8M1yqYfnHlZA7fF6nSphDtxeywPZ49ysjxDQybzk13CL+mXekDRG92skbcqCLVovuCusNmFw==",
      "engines": {
        "node": "^12.20.0 || >=14"
      }
    },
    "node_modules/fsevents": {
      "version": "2.3.2",
      "resolved": "https://registry.npmjs.org/fsevents/-/fsevents-2.3.2.tgz",
      "integrity": "sha512-xiqMQR4xAeHTuB9uWm+fFRcIOgKBMiOBP+eXiyT7jsgVCq1bkVygt00oASowB7EdtpOHaaPgKt812P9ab+DDKA==",
      "hasInstallScript": true,
      "optional": true,
      "os": [
        "darwin"
      ],
      "engines": {
        "node": "^8.16.0 || ^10.6.0 || >=11.0.0"
      }
    },
    "node_modules/generic-pool": {
      "version": "3.8.2",
      "resolved": "https://registry.npmjs.org/generic-pool/-/generic-pool-3.8.2.tgz",
      "integrity": "sha512-nGToKy6p3PAbYQ7p1UlWl6vSPwfwU6TMSWK7TTu+WUY4ZjyZQGniGGt2oNVvyNSpyZYSB43zMXVLcBm08MTMkg==",
      "engines": {
        "node": ">= 4"
      }
    },
    "node_modules/magic-string": {
      "version": "0.25.9",
      "resolved": "https://registry.npmjs.org/magic-string/-/magic-string-0.25.9.tgz",
      "integrity": "sha512-RmF0AsMzgt25qzqqLc1+MbHmhdx0ojF2Fvs4XnOqz2ZOBXzzkEwc/dJQZCYHAn7v1jbVOjAZfK8msRn4BxO4VQ==",
      "dependencies": {
        "sourcemap-codec": "^1.4.8"
      }
    },
    "node_modules/rollup": {
      "version": "2.77.1",
      "resolved": "https://registry.npmjs.org/rollup/-/rollup-2.77.1.tgz",
      "integrity": "sha512-GhutNJrvTYD6s1moo+kyq7lD9DeR5HDyXo4bDFlDSkepC9kVKY+KK/NSZFzCmeXeia3kEzVuToQmHRdugyZHxw==",
      "bin": {
        "rollup": "dist/bin/rollup"
      },
      "engines": {
        "node": ">=10.0.0"
      },
      "optionalDependencies": {
        "fsevents": "~2.3.2"
      }
    },
    "node_modules/rollup-plugin-preserve-shebangs": {
      "version": "0.2.0",
      "resolved": "https://registry.npmjs.org/rollup-plugin-preserve-shebangs/-/rollup-plugin-preserve-shebangs-0.2.0.tgz",
      "integrity": "sha512-OEyTIfZwUJ7yUAVAbegac/bNvp1WJzgZcQNCFprWX42wwwOqlJwrev9lUmzZdYVgCWct+03xUPvZg4RfgkM9oQ==",
      "dependencies": {
        "magic-string": "^0.25.7"
      },
      "peerDependencies": {
        "rollup": "*"
      }
    },
    "node_modules/sourcemap-codec": {
      "version": "1.4.8",
      "resolved": "https://registry.npmjs.org/sourcemap-codec/-/sourcemap-codec-1.4.8.tgz",
      "integrity": "sha512-9NykojV5Uih4lgo5So5dtw+f0JgJX30KCNI8gwhz2J9A15wD0Ml6tjHKwf6fTSa6fAdVBdZeNOs9eJ71qCk8vA=="
    },
    "node_modules/yallist": {
      "version": "4.0.0",
      "resolved": "https://registry.npmjs.org/yallist/-/yallist-4.0.0.tgz",
      "integrity": "sha512-3wdGidZyq5PB084XLES5TpOSRA3wjXAlIWMhum2kRcv/41Sn2emQ0dycQW4uZXLejwKvg6EsvbdlVL+FYEct7A=="
    }
  },
  "dependencies": {
    "@redis/client": {
      "version": "1.2.0",
      "resolved": "https://registry.npmjs.org/@redis/client/-/client-1.2.0.tgz",
      "integrity": "sha512-a8Nlw5fv2EIAFJxTDSSDVUT7yfBGpZO96ybZXzQpgkyLg/dxtQ1uiwTc0EGfzg1mrPjZokeBSEGTbGXekqTNOg==",
      "requires": {
        "cluster-key-slot": "1.1.0",
        "generic-pool": "3.8.2",
        "yallist": "4.0.0"
      }
    },
    "cluster-key-slot": {
      "version": "1.1.0",
      "resolved": "https://registry.npmjs.org/cluster-key-slot/-/cluster-key-slot-1.1.0.tgz",
      "integrity": "sha512-2Nii8p3RwAPiFwsnZvukotvow2rIHM+yQ6ZcBXGHdniadkYGZYiGmkHJIbZPIV9nfv7m/U1IPMVVcAhoWFeklw=="
    },
    "commander": {
      "version": "9.4.0",
      "resolved": "https://registry.npmjs.org/commander/-/commander-9.4.0.tgz",
      "integrity": "sha512-sRPT+umqkz90UA8M1yqYfnHlZA7fF6nSphDtxeywPZ49ysjxDQybzk13CL+mXekDRG92skbcqCLVovuCusNmFw=="
    },
    "fsevents": {
      "version": "2.3.2",
      "resolved": "https://registry.npmjs.org/fsevents/-/fsevents-2.3.2.tgz",
      "integrity": "sha512-xiqMQR4xAeHTuB9uWm+fFRcIOgKBMiOBP+eXiyT7jsgVCq1bkVygt00oASowB7EdtpOHaaPgKt812P9ab+DDKA==",
      "optional": true
    },
    "generic-pool": {
      "version": "3.8.2",
      "resolved": "https://registry.npmjs.org/generic-pool/-/generic-pool-3.8.2.tgz",
      "integrity": "sha512-nGToKy6p3PAbYQ7p1UlWl6vSPwfwU6TMSWK7TTu+WUY4ZjyZQGniGGt2oNVvyNSpyZYSB43zMXVLcBm08MTMkg=="
    },
    "magic-string": {
      "version": "0.25.9",
      "resolved": "https://registry.npmjs.org/magic-string/-/magic-string-0.25.9.tgz",
      "integrity": "sha512-RmF0AsMzgt25qzqqLc1+MbHmhdx0ojF2Fvs4XnOqz2ZOBXzzkEwc/dJQZCYHAn7v1jbVOjAZfK8msRn4BxO4VQ==",
      "requires": {
        "sourcemap-codec": "^1.4.8"
      }
    },
    "rollup": {
      "version": "2.77.1",
      "resolved": "https://registry.npmjs.org/rollup/-/rollup-2.77.1.tgz",
      "integrity": "sha512-GhutNJrvTYD6s1moo+kyq7lD9DeR5HDyXo4bDFlDSkepC9kVKY+KK/NSZFzCmeXeia3kEzVuToQmHRdugyZHxw==",
      "requires": {
        "fsevents": "~2.3.2"
      }
    },
    "rollup-plugin-preserve-shebangs": {
      "version": "0.2.0",
      "resolved": "https://registry.npmjs.org/rollup-plugin-preserve-shebangs/-/rollup-plugin-preserve-shebangs-0.2.0.tgz",
      "integrity": "sha512-OEyTIfZwUJ7yUAVAbegac/bNvp1WJzgZcQNCFprWX42wwwOqlJwrev9lUmzZdYVgCWct+03xUPvZg4RfgkM9oQ==",
      "requires": {
        "magic-string": "^0.25.7"
      }
    },
    "sourcemap-codec": {
      "version": "1.4.8",
      "resolved": "https://registry.npmjs.org/sourcemap-codec/-/sourcemap-codec-1.4.8.tgz",
      "integrity": "sha512-9NykojV5Uih4lgo5So5dtw+f0JgJX30KCNI8gwhz2J9A15wD0Ml6tjHKwf6fTSa6fAdVBdZeNOs9eJ71qCk8vA=="
    },
    "yallist": {
      "version": "4.0.0",
      "resolved": "https://registry.npmjs.org/yallist/-/yallist-4.0.0.tgz",
      "integrity": "sha512-3wdGidZyq5PB084XLES5TpOSRA3wjXAlIWMhum2kRcv/41Sn2emQ0dycQW4uZXLejwKvg6EsvbdlVL+FYEct7A=="
    }
  }
}
